
Microsoft Visual Studio Solution File, Format Version 12.00
# Visual Studio Version 16
VisualStudioVersion = 16.0.30413.136
MinimumVisualStudioVersion = 10.0.40219.1
Project("{FAE04EC0-301F-11D3-BF4B-00C04F79EFBC}") = "HUY_Store", "HUY_Store.csproj", "{29A958C1-E22A-4DCB-8F7E-95D1C285C068}"
EndProject
Global
	GlobalSection(SolutionConfigurationPlatforms) = preSolution
		Debug|Any CPU = Debug|Any CPU
		Release|Any CPU = Release|Any CPU
	EndGlobalSection
	GlobalSection(ProjectConfigurationPlatforms) = postSolution
		{29A958C1-E22A-4DCB-8F7E-95D1C285C068}.Debug|Any CPU.ActiveCfg = Debug|Any CPU
		{29A958C1-E22A-4DCB-8F7E-95D1C285C068}.Debug|Any CPU.Build.0 = Debug|Any CPU
		{29A958C1-E22A-4DCB-8F7E-95D1C285C068}.Release|Any CPU.ActiveCfg = Release|Any CPU
		{29A958C1-E22A-4DCB-8F7E-95D1C285C068}.Release|Any CPU.Build.0 = Release|Any CPU
	EndGlobalSection
	GlobalSection(SolutionProperties) = preSolution
		HideSolutionNode = FALSE
	EndGlobalSection
	GlobalSection(ExtensibilityGlobals) = postSolution
		SolutionGuid = {7B7849ED-BF0A-4603-9B0C-08F719B730DE}
	EndGlobalSection
EndGlobal
